
Microsoft Visual Studio Solution File, Format Version 12.00
# Visual Studio Version 16
VisualStudioVersion = 16.0.32802.440
MinimumVisualStudioVersion = 10.0.40219.1
Project("{2150E333-8FDC-42A3-9474-1A3956D46DE8}") = "RESOURCE", "RESOURCE", "{A8DD7F76-6704-4F4B-9B82-999DCF874A67}"
EndProject
Project("{2150E333-8FDC-42A3-9474-1A3956D46DE8}") = "CORE", "CORE", "{B4BD5C76-E59F-4DBD-B795-6D2A23F4A3F0}"
EndProject
Project("{2150E333-8FDC-42A3-9474-1A3956D46DE8}") = "INFRAESTRUCTURE", "INFRAESTRUCTURE", "{FF0C6144-0E59-40E0-BAF7-E38680D8ECAB}"
EndProject
Project("{2150E333-8FDC-42A3-9474-1A3956D46DE8}") = "PRESENTATION", "PRESENTATION", "{09CD4BC0-B196-432B-9765-268CD9E0D504}"
EndProject
Project("{FAE04EC0-301F-11D3-BF4B-00C04F79EFBC}") = "Application", "Application\Application.csproj", "{C65BA923-B5B9-4DF4-801B-1A05D01C3470}"
EndProject
Project("{FAE04EC0-301F-11D3-BF4B-00C04F79EFBC}") = "Domain", "Domain\Domain.csproj", "{F246443B-B96E-4CA1-9A53-187D2340F36A}"
EndProject
Project("{FAE04EC0-301F-11D3-BF4B-00C04F79EFBC}") = "Persistence", "Persistence\Persistence.csproj", "{CC7F49A3-6634-46F5-90CA-2D72BA421F93}"
EndProject
Project("{FAE04EC0-301F-11D3-BF4B-00C04F79EFBC}") = "ASFApi", "ASFApi\ASFApi.csproj", "{25936ED8-1BBE-46D8-8581-175A62D3D110}"
EndProject
Global
	GlobalSection(SolutionConfigurationPlatforms) = preSolution
		Debug|Any CPU = Debug|Any CPU
		Release|Any CPU = Release|Any CPU
	EndGlobalSection
	GlobalSection(ProjectConfigurationPlatforms) = postSolution
		{C65BA923-B5B9-4DF4-801B-1A05D01C3470}.Debug|Any CPU.ActiveCfg = Debug|Any CPU
		{C65BA923-B5B9-4DF4-801B-1A05D01C3470}.Debug|Any CPU.Build.0 = Debug|Any CPU
		{C65BA923-B5B9-4DF4-801B-1A05D01C3470}.Release|Any CPU.ActiveCfg = Release|Any CPU
		{C65BA923-B5B9-4DF4-801B-1A05D01C3470}.Release|Any CPU.Build.0 = Release|Any CPU
		{F246443B-B96E-4CA1-9A53-187D2340F36A}.Debug|Any CPU.ActiveCfg = Debug|Any CPU
		{F246443B-B96E-4CA1-9A53-187D2340F36A}.Debug|Any CPU.Build.0 = Debug|Any CPU
		{F246443B-B96E-4CA1-9A53-187D2340F36A}.Release|Any CPU.ActiveCfg = Release|Any CPU
		{F246443B-B96E-4CA1-9A53-187D2340F36A}.Release|Any CPU.Build.0 = Release|Any CPU
		{CC7F49A3-6634-46F5-90CA-2D72BA421F93}.Debug|Any CPU.ActiveCfg = Debug|Any CPU
		{CC7F49A3-6634-46F5-90CA-2D72BA421F93}.Debug|Any CPU.Build.0 = Debug|Any CPU
		{CC7F49A3-6634-46F5-90CA-2D72BA421F93}.Release|Any CPU.ActiveCfg = Release|Any CPU
		{CC7F49A3-6634-46F5-90CA-2D72BA421F93}.Release|Any CPU.Build.0 = Release|Any CPU
		{25936ED8-1BBE-46D8-8581-175A62D3D110}.Debug|Any CPU.ActiveCfg = Debug|Any CPU
		{25936ED8-1BBE-46D8-8581-175A62D3D110}.Debug|Any CPU.Build.0 = Debug|Any CPU
		{25936ED8-1BBE-46D8-8581-175A62D3D110}.Release|Any CPU.ActiveCfg = Release|Any CPU
		{25936ED8-1BBE-46D8-8581-175A62D3D110}.Release|Any CPU.Build.0 = Release|Any CPU
	EndGlobalSection
	GlobalSection(SolutionProperties) = preSolution
		HideSolutionNode = FALSE
	EndGlobalSection
	GlobalSection(NestedProjects) = preSolution
		{B4BD5C76-E59F-4DBD-B795-6D2A23F4A3F0} = {A8DD7F76-6704-4F4B-9B82-999DCF874A67}
		{FF0C6144-0E59-40E0-BAF7-E38680D8ECAB} = {A8DD7F76-6704-4F4B-9B82-999DCF874A67}
		{09CD4BC0-B196-432B-9765-268CD9E0D504} = {A8DD7F76-6704-4F4B-9B82-999DCF874A67}
		{C65BA923-B5B9-4DF4-801B-1A05D01C3470} = {B4BD5C76-E59F-4DBD-B795-6D2A23F4A3F0}
		{F246443B-B96E-4CA1-9A53-187D2340F36A} = {B4BD5C76-E59F-4DBD-B795-6D2A23F4A3F0}
		{CC7F49A3-6634-46F5-90CA-2D72BA421F93} = {FF0C6144-0E59-40E0-BAF7-E38680D8ECAB}
		{25936ED8-1BBE-46D8-8581-175A62D3D110} = {09CD4BC0-B196-432B-9765-268CD9E0D504}
	EndGlobalSection
	GlobalSection(ExtensibilityGlobals) = postSolution
		SolutionGuid = {9AE0AB4C-DF74-412B-B225-C3C41DF8C050}
	EndGlobalSection
EndGlobal
